
Microsoft Visual Studio Solution File, Format Version 12.00
# Visual Studio Version 17
VisualStudioVersion = 17.14.36301.6 d17.14
MinimumVisualStudioVersion = 10.0.40219.1
Project("{8BC9CEB8-8B4A-11D0-8D11-00A0C91BC942}") = "SmartPointer", "SmartPointer\SmartPointer.vcxproj", "{1CC51C61-8DBB-4CA3-8649-AF13A55BC720}"
EndProject
Global
	GlobalSection(SolutionConfigurationPlatforms) = preSolution
		Debug|x64 = Debug|x64
		Debug|x86 = Debug|x86
		Release|x64 = Release|x64
		Release|x86 = Release|x86
	EndGlobalSection
	GlobalSection(ProjectConfigurationPlatforms) = postSolution
		{1CC51C61-8DBB-4CA3-8649-AF13A55BC720}.Debug|x64.ActiveCfg = Debug|x64
		{1CC51C61-8DBB-4CA3-8649-AF13A55BC720}.Debug|x64.Build.0 = Debug|x64
		{1CC51C61-8DBB-4CA3-8649-AF13A55BC720}.Debug|x86.ActiveCfg = Debug|Win32
		{1CC51C61-8DBB-4CA3-8649-AF13A55BC720}.Debug|x86.Build.0 = Debug|Win32
		{1CC51C61-8DBB-4CA3-8649-AF13A55BC720}.Release|x64.ActiveCfg = Release|x64
		{1CC51C61-8DBB-4CA3-8649-AF13A55BC720}.Release|x64.Build.0 = Release|x64
		{1CC51C61-8DBB-4CA3-8649-AF13A55BC720}.Release|x86.ActiveCfg = Release|Win32
		{1CC51C61-8DBB-4CA3-8649-AF13A55BC720}.Release|x86.Build.0 = Release|Win32
	EndGlobalSection
	GlobalSection(SolutionProperties) = preSolution
		HideSolutionNode = FALSE
	EndGlobalSection
	GlobalSection(ExtensibilityGlobals) = postSolution
		SolutionGuid = {762DA248-59C3-4ABC-9F89-6AB07DFA4058}
	EndGlobalSection
EndGlobal
